
Microsoft Visual Studio Solution File, Format Version 12.00
# Visual Studio Version 17
VisualStudioVersion = 17.0.31903.59
MinimumVisualStudioVersion = 10.0.40219.1
Project("{FAE04EC0-301F-11D3-BF4B-00C04F79EFBC}") = "Dustech.App.Web", "Dustech.App.Web\Dustech.App.Web.csproj", "{00185206-FD49-4A86-A987-18A8A945C4BC}"
EndProject
Project("{FAE04EC0-301F-11D3-BF4B-00C04F79EFBC}") = "Dustech.IDP", "Dustech.IDP\Dustech.IDP.csproj", "{90F21A88-897C-455C-B23C-A8782C9CF1ED}"
EndProject
Project("{F2A71F9B-5D33-465A-A702-920D77279786}") = "Dustech.App.Infrastructure", "Dustech.App.Infrastructure\Dustech.App.Infrastructure.fsproj", "{A039302A-88B7-4D44-983C-2312BD06DDE0}"
EndProject
Project("{F2A71F9B-5D33-465A-A702-920D77279786}") = "Dustech.App.DAL", "Dustech.App.DAL\Dustech.App.DAL.fsproj", "{806D5620-72DD-4C84-B115-059A4A0E5616}"
EndProject
Project("{F2A71F9B-5D33-465A-A702-920D77279786}") = "Dustech.App.Domain", "Dustech.App.Domain\Dustech.App.Domain.fsproj", "{7B615396-C519-4F60-90A0-5E041DE85FAD}"
EndProject
Global
	GlobalSection(SolutionConfigurationPlatforms) = preSolution
		Debug|Any CPU = Debug|Any CPU
		Release|Any CPU = Release|Any CPU
	EndGlobalSection
	GlobalSection(SolutionProperties) = preSolution
		HideSolutionNode = FALSE
	EndGlobalSection
	GlobalSection(ProjectConfigurationPlatforms) = postSolution
		{00185206-FD49-4A86-A987-18A8A945C4BC}.Debug|Any CPU.ActiveCfg = Debug|Any CPU
		{00185206-FD49-4A86-A987-18A8A945C4BC}.Debug|Any CPU.Build.0 = Debug|Any CPU
		{00185206-FD49-4A86-A987-18A8A945C4BC}.Release|Any CPU.ActiveCfg = Release|Any CPU
		{00185206-FD49-4A86-A987-18A8A945C4BC}.Release|Any CPU.Build.0 = Release|Any CPU
		{90F21A88-897C-455C-B23C-A8782C9CF1ED}.Debug|Any CPU.ActiveCfg = Debug|Any CPU
		{90F21A88-897C-455C-B23C-A8782C9CF1ED}.Debug|Any CPU.Build.0 = Debug|Any CPU
		{90F21A88-897C-455C-B23C-A8782C9CF1ED}.Release|Any CPU.ActiveCfg = Release|Any CPU
		{90F21A88-897C-455C-B23C-A8782C9CF1ED}.Release|Any CPU.Build.0 = Release|Any CPU
		{A039302A-88B7-4D44-983C-2312BD06DDE0}.Debug|Any CPU.ActiveCfg = Debug|Any CPU
		{A039302A-88B7-4D44-983C-2312BD06DDE0}.Debug|Any CPU.Build.0 = Debug|Any CPU
		{A039302A-88B7-4D44-983C-2312BD06DDE0}.Release|Any CPU.ActiveCfg = Release|Any CPU
		{A039302A-88B7-4D44-983C-2312BD06DDE0}.Release|Any CPU.Build.0 = Release|Any CPU
		{806D5620-72DD-4C84-B115-059A4A0E5616}.Debug|Any CPU.ActiveCfg = Debug|Any CPU
		{806D5620-72DD-4C84-B115-059A4A0E5616}.Debug|Any CPU.Build.0 = Debug|Any CPU
		{806D5620-72DD-4C84-B115-059A4A0E5616}.Release|Any CPU.ActiveCfg = Release|Any CPU
		{806D5620-72DD-4C84-B115-059A4A0E5616}.Release|Any CPU.Build.0 = Release|Any CPU
		{7B615396-C519-4F60-90A0-5E041DE85FAD}.Debug|Any CPU.ActiveCfg = Debug|Any CPU
		{7B615396-C519-4F60-90A0-5E041DE85FAD}.Debug|Any CPU.Build.0 = Debug|Any CPU
		{7B615396-C519-4F60-90A0-5E041DE85FAD}.Release|Any CPU.ActiveCfg = Release|Any CPU
		{7B615396-C519-4F60-90A0-5E041DE85FAD}.Release|Any CPU.Build.0 = Release|Any CPU
	EndGlobalSection
EndGlobal
